
Microsoft Visual Studio Solution File, Format Version 12.00
# Visual Studio Version 17
VisualStudioVersion = 17.6.33815.320
MinimumVisualStudioVersion = 10.0.40219.1
Project("{FAE04EC0-301F-11D3-BF4B-00C04F79EFBC}") = "HospitalProject.Business", "HospitalProject.Business\HospitalProject.Business.csproj", "{8A1B7732-FFC3-47FA-8BBA-275623E82809}"
EndProject
Project("{FAE04EC0-301F-11D3-BF4B-00C04F79EFBC}") = "HospitalProject.Core", "HospitalProject.Core\HospitalProject.Core.csproj", "{6347FFD8-BBB2-4A5D-88A0-884DBDC3A1CF}"
EndProject
Project("{FAE04EC0-301F-11D3-BF4B-00C04F79EFBC}") = "HospitalProject.Entities", "HospitalProject.Entities\HospitalProject.Entities.csproj", "{3EB6522F-7712-4CB9-AE6D-DCB44B28FCA1}"
EndProject
Project("{FAE04EC0-301F-11D3-BF4B-00C04F79EFBC}") = "HospitalProject.DataAccess", "HospitalProject.DataAccess\HospitalProject.DataAccess.csproj", "{77D832B8-F623-47D7-ABE2-3DE0834A00DD}"
EndProject
Project("{FAE04EC0-301F-11D3-BF4B-00C04F79EFBC}") = "HospitalProject.WebUI", "HospitalProject.WebUI\HospitalProject.WebUI.csproj", "{9A557905-E1D7-412A-BEED-B73714DD988E}"
EndProject
Global
	GlobalSection(SolutionConfigurationPlatforms) = preSolution
		Debug|Any CPU = Debug|Any CPU
		Release|Any CPU = Release|Any CPU
	EndGlobalSection
	GlobalSection(ProjectConfigurationPlatforms) = postSolution
		{8A1B7732-FFC3-47FA-8BBA-275623E82809}.Debug|Any CPU.ActiveCfg = Debug|Any CPU
		{8A1B7732-FFC3-47FA-8BBA-275623E82809}.Debug|Any CPU.Build.0 = Debug|Any CPU
		{8A1B7732-FFC3-47FA-8BBA-275623E82809}.Release|Any CPU.ActiveCfg = Release|Any CPU
		{8A1B7732-FFC3-47FA-8BBA-275623E82809}.Release|Any CPU.Build.0 = Release|Any CPU
		{6347FFD8-BBB2-4A5D-88A0-884DBDC3A1CF}.Debug|Any CPU.ActiveCfg = Debug|Any CPU
		{6347FFD8-BBB2-4A5D-88A0-884DBDC3A1CF}.Debug|Any CPU.Build.0 = Debug|Any CPU
		{6347FFD8-BBB2-4A5D-88A0-884DBDC3A1CF}.Release|Any CPU.ActiveCfg = Release|Any CPU
		{6347FFD8-BBB2-4A5D-88A0-884DBDC3A1CF}.Release|Any CPU.Build.0 = Release|Any CPU
		{3EB6522F-7712-4CB9-AE6D-DCB44B28FCA1}.Debug|Any CPU.ActiveCfg = Debug|Any CPU
		{3EB6522F-7712-4CB9-AE6D-DCB44B28FCA1}.Debug|Any CPU.Build.0 = Debug|Any CPU
		{3EB6522F-7712-4CB9-AE6D-DCB44B28FCA1}.Release|Any CPU.ActiveCfg = Release|Any CPU
		{3EB6522F-7712-4CB9-AE6D-DCB44B28FCA1}.Release|Any CPU.Build.0 = Release|Any CPU
		{77D832B8-F623-47D7-ABE2-3DE0834A00DD}.Debug|Any CPU.ActiveCfg = Debug|Any CPU
		{77D832B8-F623-47D7-ABE2-3DE0834A00DD}.Debug|Any CPU.Build.0 = Debug|Any CPU
		{77D832B8-F623-47D7-ABE2-3DE0834A00DD}.Release|Any CPU.ActiveCfg = Release|Any CPU
		{77D832B8-F623-47D7-ABE2-3DE0834A00DD}.Release|Any CPU.Build.0 = Release|Any CPU
		{9A557905-E1D7-412A-BEED-B73714DD988E}.Debug|Any CPU.ActiveCfg = Debug|Any CPU
		{9A557905-E1D7-412A-BEED-B73714DD988E}.Debug|Any CPU.Build.0 = Debug|Any CPU
		{9A557905-E1D7-412A-BEED-B73714DD988E}.Release|Any CPU.ActiveCfg = Release|Any CPU
		{9A557905-E1D7-412A-BEED-B73714DD988E}.Release|Any CPU.Build.0 = Release|Any CPU
	EndGlobalSection
	GlobalSection(SolutionProperties) = preSolution
		HideSolutionNode = FALSE
	EndGlobalSection
	GlobalSection(ExtensibilityGlobals) = postSolution
		SolutionGuid = {82325DAD-4656-49BD-8F0D-96C052F1D6DC}
	EndGlobalSection
EndGlobal
